// !$*UTF8*$!
{
	archiveVersion = 1;
	classes = {
	};
	objectVersion = 50;
	objects = {

/* Begin PBXBuildFile section */
		301129B62580077D00AA14CF /* CustomTextField.swift in Sources */ = {isa = PBXBuildFile; fileRef = 301129B52580077D00AA14CF /* CustomTextField.swift */; };
		301129BB2580B13D00AA14CF /* ActivityIndicatorView.swift in Sources */ = {isa = PBXBuildFile; fileRef = 301129BA2580B13D00AA14CF /* ActivityIndicatorView.swift */; };
		301129C02580B1D300AA14CF /* UserDetailsViewModel.swift in Sources */ = {isa = PBXBuildFile; fileRef = 301129BF2580B1D300AA14CF /* UserDetailsViewModel.swift */; };
		301129C42580B20A00AA14CF /* UserDetails.swift in Sources */ = {isa = PBXBuildFile; fileRef = 301129C32580B20A00AA14CF /* UserDetails.swift */; };
		301129CA2580BC8600AA14CF /* SettingsView.swift in Sources */ = {isa = PBXBuildFile; fileRef = 301129C92580BC8600AA14CF /* SettingsView.swift */; };
		30166D78257FEDF80096D9A0 /* ClubsXposAppApp.swift in Sources */ = {isa = PBXBuildFile; fileRef = 30166D77257FEDF80096D9A0 /* ClubsXposAppApp.swift */; };
		30166D7C257FEDFC0096D9A0 /* Assets.xcassets in Resources */ = {isa = PBXBuildFile; fileRef = 30166D7B257FEDFC0096D9A0 /* Assets.xcassets */; };
		30166D7F257FEDFC0096D9A0 /* Preview Assets.xcassets in Resources */ = {isa = PBXBuildFile; fileRef = 30166D7E257FEDFC0096D9A0 /* Preview Assets.xcassets */; };
		30166D8A257FEF6D0096D9A0 /* LoginPageView.swift in Sources */ = {isa = PBXBuildFile; fileRef = 30166D89257FEF6D0096D9A0 /* LoginPageView.swift */; };
		C103C6A22580CCB90075DF1B /* NetworkErrorView.swift in Sources */ = {isa = PBXBuildFile; fileRef = C103C6A12580CCB90075DF1B /* NetworkErrorView.swift */; };
		C103C6A52580D6B80075DF1B /* Extensions.swift in Sources */ = {isa = PBXBuildFile; fileRef = C103C6A42580D6B80075DF1B /* Extensions.swift */; };
		C103C6A92580DB5E0075DF1B /* HallsListView.swift in Sources */ = {isa = PBXBuildFile; fileRef = C103C6A82580DB5E0075DF1B /* HallsListView.swift */; };
		C103C6AD2580DE0E0075DF1B /* TileModifier.swift in Sources */ = {isa = PBXBuildFile; fileRef = C103C6AC2580DE0E0075DF1B /* TileModifier.swift */; };
		C103C6B02580E2EF0075DF1B /* AppContentView.swift in Sources */ = {isa = PBXBuildFile; fileRef = C103C6AF2580E2EF0075DF1B /* AppContentView.swift */; };
		C103C6C72580EDCA0075DF1B /* Auth.swift in Sources */ = {isa = PBXBuildFile; fileRef = C103C6C62580EDCA0075DF1B /* Auth.swift */; };
		C103C6CA258171210075DF1B /* EnvironmentModel.swift in Sources */ = {isa = PBXBuildFile; fileRef = C103C6C9258171210075DF1B /* EnvironmentModel.swift */; };
		C1E6E59E25817D9D00A5F16A /* Hall.swift in Sources */ = {isa = PBXBuildFile; fileRef = C1E6E59D25817D9D00A5F16A /* Hall.swift */; };
		C1E6E5A1258214BB00A5F16A /* Table.swift in Sources */ = {isa = PBXBuildFile; fileRef = C1E6E5A0258214BB00A5F16A /* Table.swift */; };
		C1E6E5A42582159100A5F16A /* HallWithTablesView.swift in Sources */ = {isa = PBXBuildFile; fileRef = C1E6E5A32582159100A5F16A /* HallWithTablesView.swift */; };
		C1E6E5A8258225BB00A5F16A /* TableView.swift in Sources */ = {isa = PBXBuildFile; fileRef = C1E6E5A7258225BB00A5F16A /* TableView.swift */; };
/* End PBXBuildFile section */

/* Begin PBXFileReference section */
		301129B52580077D00AA14CF /* CustomTextField.swift */ = {isa = PBXFileReference; lastKnownFileType = sourcecode.swift; path = CustomTextField.swift; sourceTree = "<group>"; };
		301129BA2580B13D00AA14CF /* ActivityIndicatorView.swift */ = {isa = PBXFileReference; lastKnownFileType = sourcecode.swift; path = ActivityIndicatorView.swift; sourceTree = "<group>"; };
		301129BF2580B1D300AA14CF /* UserDetailsViewModel.swift */ = {isa = PBXFileReference; lastKnownFileType = sourcecode.swift; path = UserDetailsViewModel.swift; sourceTree = "<group>"; };
		301129C32580B20A00AA14CF /* UserDetails.swift */ = {isa = PBXFileReference; lastKnownFileType = sourcecode.swift; path = UserDetails.swift; sourceTree = "<group>"; };
		301129C92580BC8600AA14CF /* SettingsView.swift */ = {isa = PBXFileReference; lastKnownFileType = sourcecode.swift; path = SettingsView.swift; sourceTree = "<group>"; };
		30166D74257FEDF80096D9A0 /* ClubsXposApp.app */ = {isa = PBXFileReference; explicitFileType = wrapper.application; includeInIndex = 0; path = ClubsXposApp.app; sourceTree = BUILT_PRODUCTS_DIR; };
		30166D77257FEDF80096D9A0 /* ClubsXposAppApp.swift */ = {isa = PBXFileReference; lastKnownFileType = sourcecode.swift; path = ClubsXposAppApp.swift; sourceTree = "<group>"; };
		30166D7B257FEDFC0096D9A0 /* Assets.xcassets */ = {isa = PBXFileReference; lastKnownFileType = folder.assetcatalog; path = Assets.xcassets; sourceTree = "<group>"; };
		30166D7E257FEDFC0096D9A0 /* Preview Assets.xcassets */ = {isa = PBXFileReference; lastKnownFileType = folder.assetcatalog; path = "Preview Assets.xcassets"; sourceTree = "<group>"; };
		30166D80257FEDFC0096D9A0 /* Info.plist */ = {isa = PBXFileReference; lastKnownFileType = text.plist.xml; path = Info.plist; sourceTree = "<group>"; };
		30166D89257FEF6D0096D9A0 /* LoginPageView.swift */ = {isa = PBXFileReference; lastKnownFileType = sourcecode.swift; path = LoginPageView.swift; sourceTree = "<group>"; };
		C103C6A12580CCB90075DF1B /* NetworkErrorView.swift */ = {isa = PBXFileReference; lastKnownFileType = sourcecode.swift; path = NetworkErrorView.swift; sourceTree = "<group>"; };
		C103C6A42580D6B80075DF1B /* Extensions.swift */ = {isa = PBXFileReference; lastKnownFileType = sourcecode.swift; path = Extensions.swift; sourceTree = "<group>"; };
		C103C6A82580DB5E0075DF1B /* HallsListView.swift */ = {isa = PBXFileReference; lastKnownFileType = sourcecode.swift; path = HallsListView.swift; sourceTree = "<group>"; };
		C103C6AC2580DE0E0075DF1B /* TileModifier.swift */ = {isa = PBXFileReference; lastKnownFileType = sourcecode.swift; path = TileModifier.swift; sourceTree = "<group>"; };
		C103C6AF2580E2EF0075DF1B /* AppContentView.swift */ = {isa = PBXFileReference; lastKnownFileType = sourcecode.swift; path = AppContentView.swift; sourceTree = "<group>"; };
		C103C6C62580EDCA0075DF1B /* Auth.swift */ = {isa = PBXFileReference; lastKnownFileType = sourcecode.swift; path = Auth.swift; sourceTree = "<group>"; };
		C103C6C9258171210075DF1B /* EnvironmentModel.swift */ = {isa = PBXFileReference; lastKnownFileType = sourcecode.swift; path = EnvironmentModel.swift; sourceTree = "<group>"; };
		C1E6E59D25817D9D00A5F16A /* Hall.swift */ = {isa = PBXFileReference; lastKnownFileType = sourcecode.swift; path = Hall.swift; sourceTree = "<group>"; };
		C1E6E5A0258214BB00A5F16A /* Table.swift */ = {isa = PBXFileReference; lastKnownFileType = sourcecode.swift; path = Table.swift; sourceTree = "<group>"; };
		C1E6E5A32582159100A5F16A /* HallWithTablesView.swift */ = {isa = PBXFileReference; lastKnownFileType = sourcecode.swift; path = HallWithTablesView.swift; sourceTree = "<group>"; };
		C1E6E5A7258225BB00A5F16A /* TableView.swift */ = {isa = PBXFileReference; lastKnownFileType = sourcecode.swift; path = TableView.swift; sourceTree = "<group>"; };
/* End PBXFileReference section */

/* Begin PBXFrameworksBuildPhase section */
		30166D71257FEDF80096D9A0 /* Frameworks */ = {
			isa = PBXFrameworksBuildPhase;
			buildActionMask = 2147483647;
			files = (
			);
			runOnlyForDeploymentPostprocessing = 0;
		};
/* End PBXFrameworksBuildPhase section */

/* Begin PBXGroup section */
		301129B42580075200AA14CF /* SharedComponents */ = {
			isa = PBXGroup;
			children = (
				301129B52580077D00AA14CF /* CustomTextField.swift */,
			);
			path = SharedComponents;
			sourceTree = "<group>";
		};
		301129B92580B12500AA14CF /* Utils */ = {
			isa = PBXGroup;
			children = (
				301129BA2580B13D00AA14CF /* ActivityIndicatorView.swift */,
				C103C6A12580CCB90075DF1B /* NetworkErrorView.swift */,
				C103C6A42580D6B80075DF1B /* Extensions.swift */,
				C103C6AC2580DE0E0075DF1B /* TileModifier.swift */,
				C103C6C9258171210075DF1B /* EnvironmentModel.swift */,
			);
			path = Utils;
			sourceTree = "<group>";
		};
		301129BE2580B1AC00AA14CF /* Auth */ = {
			isa = PBXGroup;
			children = (
				30166D89257FEF6D0096D9A0 /* LoginPageView.swift */,
				301129BF2580B1D300AA14CF /* UserDetailsViewModel.swift */,
				301129C92580BC8600AA14CF /* SettingsView.swift */,
			);
			path = Auth;
			sourceTree = "<group>";
		};
		301129C62580B21000AA14CF /* Models */ = {
			isa = PBXGroup;
			children = (
				301129C32580B20A00AA14CF /* UserDetails.swift */,
				C103C6C62580EDCA0075DF1B /* Auth.swift */,
				C1E6E59D25817D9D00A5F16A /* Hall.swift */,
				C1E6E5A0258214BB00A5F16A /* Table.swift */,
			);
			path = Models;
			sourceTree = "<group>";
		};
		30166D6B257FEDF70096D9A0 = {
			isa = PBXGroup;
			children = (
				30166D76257FEDF80096D9A0 /* ClubsXposApp */,
				30166D75257FEDF80096D9A0 /* Products */,
			);
			sourceTree = "<group>";
		};
		30166D75257FEDF80096D9A0 /* Products */ = {
			isa = PBXGroup;
			children = (
				30166D74257FEDF80096D9A0 /* ClubsXposApp.app */,
			);
			name = Products;
			sourceTree = "<group>";
		};
		30166D76257FEDF80096D9A0 /* ClubsXposApp */ = {
			isa = PBXGroup;
			children = (
				C103C6A72580DB470075DF1B /* Pages */,
				301129C62580B21000AA14CF /* Models */,
				301129BE2580B1AC00AA14CF /* Auth */,
				301129B92580B12500AA14CF /* Utils */,
				301129B42580075200AA14CF /* SharedComponents */,
				30166D77257FEDF80096D9A0 /* ClubsXposAppApp.swift */,
				30166D7B257FEDFC0096D9A0 /* Assets.xcassets */,
				30166D80257FEDFC0096D9A0 /* Info.plist */,
				30166D7D257FEDFC0096D9A0 /* Preview Content */,
				C103C6AF2580E2EF0075DF1B /* AppContentView.swift */,
			);
			path = ClubsXposApp;
			sourceTree = "<group>";
		};
		30166D7D257FEDFC0096D9A0 /* Preview Content */ = {
			isa = PBXGroup;
			children = (
				30166D7E257FEDFC0096D9A0 /* Preview Assets.xcassets */,
			);
			path = "Preview Content";
			sourceTree = "<group>";
		};
		C103C6A72580DB470075DF1B /* Pages */ = {
			isa = PBXGroup;
			children = (
				C1E6E5A6258225A800A5F16A /* Table */,
				C103C6A82580DB5E0075DF1B /* HallsListView.swift */,
				C1E6E5A32582159100A5F16A /* HallWithTablesView.swift */,
			);
			path = Pages;
			sourceTree = "<group>";
		};
		C1E6E5A6258225A800A5F16A /* Table */ = {
			isa = PBXGroup;
			children = (
				C1E6E5A7258225BB00A5F16A /* TableView.swift */,
			);
			path = Table;
			sourceTree = "<group>";
		};
/* End PBXGroup section */

/* Begin PBXNativeTarget section */
		30166D73257FEDF80096D9A0 /* ClubsXposApp */ = {
			isa = PBXNativeTarget;
			buildConfigurationList = 30166D83257FEDFC0096D9A0 /* Build configuration list for PBXNativeTarget "ClubsXposApp" */;
			buildPhases = (
				30166D70257FEDF80096D9A0 /* Sources */,
				30166D71257FEDF80096D9A0 /* Frameworks */,
				30166D72257FEDF80096D9A0 /* Resources */,
			);
			buildRules = (
			);
			dependencies = (
			);
			name = ClubsXposApp;
			productName = ClubsXposApp;
			productReference = 30166D74257FEDF80096D9A0 /* ClubsXposApp.app */;
			productType = "com.apple.product-type.application";
		};
/* End PBXNativeTarget section */

/* Begin PBXProject section */
		30166D6C257FEDF70096D9A0 /* Project object */ = {
			isa = PBXProject;
			attributes = {
				LastSwiftUpdateCheck = 1210;
				LastUpgradeCheck = 1210;
				TargetAttributes = {
					30166D73257FEDF80096D9A0 = {
						CreatedOnToolsVersion = 12.1;
					};
				};
			};
			buildConfigurationList = 30166D6F257FEDF70096D9A0 /* Build configuration list for PBXProject "ClubsXposApp" */;
			compatibilityVersion = "Xcode 9.3";
			developmentRegion = en;
			hasScannedForEncodings = 0;
			knownRegions = (
				en,
				Base,
			);
			mainGroup = 30166D6B257FEDF70096D9A0;
			productRefGroup = 30166D75257FEDF80096D9A0 /* Products */;
			projectDirPath = "";
			projectRoot = "";
			targets = (
				30166D73257FEDF80096D9A0 /* ClubsXposApp */,
			);
		};
/* End PBXProject section */

/* Begin PBXResourcesBuildPhase section */
		30166D72257FEDF80096D9A0 /* Resources */ = {
			isa = PBXResourcesBuildPhase;
			buildActionMask = 2147483647;
			files = (
				30166D7F257FEDFC0096D9A0 /* Preview Assets.xcassets in Resources */,
				30166D7C257FEDFC0096D9A0 /* Assets.xcassets in Resources */,
			);
			runOnlyForDeploymentPostprocessing = 0;
		};
/* End PBXResourcesBuildPhase section */

/* Begin PBXSourcesBuildPhase section */
		30166D70257FEDF80096D9A0 /* Sources */ = {
			isa = PBXSourcesBuildPhase;
			buildActionMask = 2147483647;
			files = (
				C103C6C72580EDCA0075DF1B /* Auth.swift in Sources */,
				C103C6A22580CCB90075DF1B /* NetworkErrorView.swift in Sources */,
				C103C6AD2580DE0E0075DF1B /* TileModifier.swift in Sources */,
				C103C6CA258171210075DF1B /* EnvironmentModel.swift in Sources */,
				C103C6A92580DB5E0075DF1B /* HallsListView.swift in Sources */,
				C103C6A52580D6B80075DF1B /* Extensions.swift in Sources */,
				301129CA2580BC8600AA14CF /* SettingsView.swift in Sources */,
				30166D78257FEDF80096D9A0 /* ClubsXposAppApp.swift in Sources */,
				C103C6B02580E2EF0075DF1B /* AppContentView.swift in Sources */,
				301129C02580B1D300AA14CF /* UserDetailsViewModel.swift in Sources */,
				301129C42580B20A00AA14CF /* UserDetails.swift in Sources */,
				C1E6E59E25817D9D00A5F16A /* Hall.swift in Sources */,
				30166D8A257FEF6D0096D9A0 /* LoginPageView.swift in Sources */,
				C1E6E5A8258225BB00A5F16A /* TableView.swift in Sources */,
				301129B62580077D00AA14CF /* CustomTextField.swift in Sources */,
				C1E6E5A1258214BB00A5F16A /* Table.swift in Sources */,
				301129BB2580B13D00AA14CF /* ActivityIndicatorView.swift in Sources */,
				C1E6E5A42582159100A5F16A /* HallWithTablesView.swift in Sources */,
			);
			runOnlyForDeploymentPostprocessing = 0;
		};
/* End PBXSourcesBuildPhase section */

/* Begin XCBuildConfiguration section */
		30166D81257FEDFC0096D9A0 /* Debug */ = {
			isa = XCBuildConfiguration;
			buildSettings = {
				ALWAYS_SEARCH_USER_PATHS = NO;
				CLANG_ANALYZER_NONNULL = YES;
				CLANG_ANALYZER_NUMBER_OBJECT_CONVERSION = YES_AGGRESSIVE;
				CLANG_CXX_LANGUAGE_STANDARD = "gnu++14";
				CLANG_CXX_LIBRARY = "libc++";
				CLANG_ENABLE_MODULES = YES;
				CLANG_ENABLE_OBJC_ARC = YES;
				CLANG_ENABLE_OBJC_WEAK = YES;
				CLANG_WARN_BLOCK_CAPTURE_AUTORELEASING = YES;
				CLANG_WARN_BOOL_CONVERSION = YES;
				CLANG_WARN_COMMA = YES;
				CLANG_WARN_CONSTANT_CONVERSION = YES;
				CLANG_WARN_DEPRECATED_OBJC_IMPLEMENTATIONS = YES;
				CLANG_WARN_DIRECT_OBJC_ISA_USAGE = YES_ERROR;
				CLANG_WARN_DOCUMENTATION_COMMENTS = YES;
				CLANG_WARN_EMPTY_BODY = YES;
				CLANG_WARN_ENUM_CONVERSION = YES;
				CLANG_WARN_INFINITE_RECURSION = YES;
				CLANG_WARN_INT_CONVERSION = YES;
				CLANG_WARN_NON_LITERAL_NULL_CONVERSION = YES;
				CLANG_WARN_OBJC_IMPLICIT_RETAIN_SELF = YES;
				CLANG_WARN_OBJC_LITERAL_CONVERSION = YES;
				CLANG_WARN_OBJC_ROOT_CLASS = YES_ERROR;
				CLANG_WARN_QUOTED_INCLUDE_IN_FRAMEWORK_HEADER = YES;
				CLANG_WARN_RANGE_LOOP_ANALYSIS = YES;
				CLANG_WARN_STRICT_PROTOTYPES = YES;
				CLANG_WARN_SUSPICIOUS_MOVE = YES;
				CLANG_WARN_UNGUARDED_AVAILABILITY = YES_AGGRESSIVE;
				CLANG_WARN_UNREACHABLE_CODE = YES;
				CLANG_WARN__DUPLICATE_METHOD_MATCH = YES;
				COPY_PHASE_STRIP = NO;
				DEBUG_INFORMATION_FORMAT = dwarf;
				ENABLE_STRICT_OBJC_MSGSEND = YES;
				ENABLE_TESTABILITY = YES;
				GCC_C_LANGUAGE_STANDARD = gnu11;
				GCC_DYNAMIC_NO_PIC = NO;
				GCC_NO_COMMON_BLOCKS = YES;
				GCC_OPTIMIZATION_LEVEL = 0;
				GCC_PREPROCESSOR_DEFINITIONS = (
					"DEBUG=1",
					"$(inherited)",
				);
				GCC_WARN_64_TO_32_BIT_CONVERSION = YES;
				GCC_WARN_ABOUT_RETURN_TYPE = YES_ERROR;
				GCC_WARN_UNDECLARED_SELECTOR = YES;
				GCC_WARN_UNINITIALIZED_AUTOS = YES_AGGRESSIVE;
				GCC_WARN_UNUSED_FUNCTION = YES;
				GCC_WARN_UNUSED_VARIABLE = YES;
				IPHONEOS_DEPLOYMENT_TARGET = 14.1;
				MTL_ENABLE_DEBUG_INFO = INCLUDE_SOURCE;
				MTL_FAST_MATH = YES;
				ONLY_ACTIVE_ARCH = YES;
				SDKROOT = iphoneos;
				SWIFT_ACTIVE_COMPILATION_CONDITIONS = DEBUG;
				SWIFT_OPTIMIZATION_LEVEL = "-Onone";
			};
			name = Debug;
		};
		30166D82257FEDFC0096D9A0 /* Release */ = {
			isa = XCBuildConfiguration;
			buildSettings = {
				ALWAYS_SEARCH_USER_PATHS = NO;
				CLANG_ANALYZER_NONNULL = YES;
				CLANG_ANALYZER_NUMBER_OBJECT_CONVERSION = YES_AGGRESSIVE;
				CLANG_CXX_LANGUAGE_STANDARD = "gnu++14";
				CLANG_CXX_LIBRARY = "libc++";
				CLANG_ENABLE_MODULES = YES;
				CLANG_ENABLE_OBJC_ARC = YES;
				CLANG_ENABLE_OBJC_WEAK = YES;
				CLANG_WARN_BLOCK_CAPTURE_AUTORELEASING = YES;
				CLANG_WARN_BOOL_CONVERSION = YES;
				CLANG_WARN_COMMA = YES;
				CLANG_WARN_CONSTANT_CONVERSION = YES;
				CLANG_WARN_DEPRECATED_OBJC_IMPLEMENTATIONS = YES;
				CLANG_WARN_DIRECT_OBJC_ISA_USAGE = YES_ERROR;
				CLANG_WARN_DOCUMENTATION_COMMENTS = YES;
				CLANG_WARN_EMPTY_BODY = YES;
				CLANG_WARN_ENUM_CONVERSION = YES;
				CLANG_WARN_INFINITE_RECURSION = YES;
				CLANG_WARN_INT_CONVERSION = YES;
				CLANG_WARN_NON_LITERAL_NULL_CONVERSION = YES;
				CLANG_WARN_OBJC_IMPLICIT_RETAIN_SELF = YES;
				CLANG_WARN_OBJC_LITERAL_CONVERSION = YES;
				CLANG_WARN_OBJC_ROOT_CLASS = YES_ERROR;
				CLANG_WARN_QUOTED_INCLUDE_IN_FRAMEWORK_HEADER = YES;
				CLANG_WARN_RANGE_LOOP_ANALYSIS = YES;
				CLANG_WARN_STRICT_PROTOTYPES = YES;
				CLANG_WARN_SUSPICIOUS_MOVE = YES;
				CLANG_WARN_UNGUARDED_AVAILABILITY = YES_AGGRESSIVE;
				CLANG_WARN_UNREACHABLE_CODE = YES;
				CLANG_WARN__DUPLICATE_METHOD_MATCH = YES;
				COPY_PHASE_STRIP = NO;
				DEBUG_INFORMATION_FORMAT = "dwarf-with-dsym";
				ENABLE_NS_ASSERTIONS = NO;
				ENABLE_STRICT_OBJC_MSGSEND = YES;
				GCC_C_LANGUAGE_STANDARD = gnu11;
				GCC_NO_COMMON_BLOCKS = YES;
				GCC_WARN_64_TO_32_BIT_CONVERSION = YES;
				GCC_WARN_ABOUT_RETURN_TYPE = YES_ERROR;
				GCC_WARN_UNDECLARED_SELECTOR = YES;
				GCC_WARN_UNINITIALIZED_AUTOS = YES_AGGRESSIVE;
				GCC_WARN_UNUSED_FUNCTION = YES;
				GCC_WARN_UNUSED_VARIABLE = YES;
				IPHONEOS_DEPLOYMENT_TARGET = 14.1;
				MTL_ENABLE_DEBUG_INFO = NO;
				MTL_FAST_MATH = YES;
				SDKROOT = iphoneos;
				SWIFT_COMPILATION_MODE = wholemodule;
				SWIFT_OPTIMIZATION_LEVEL = "-O";
				VALIDATE_PRODUCT = YES;
			};
			name = Release;
		};
		30166D84257FEDFC0096D9A0 /* Debug */ = {
			isa = XCBuildConfiguration;
			buildSettings = {
				ASSETCATALOG_COMPILER_APPICON_NAME = AppIcon;
				ASSETCATALOG_COMPILER_GLOBAL_ACCENT_COLOR_NAME = AccentColor;
				CODE_SIGN_STYLE = Automatic;
				DEVELOPMENT_ASSET_PATHS = "\"ClubsXposApp/Preview Content\"";
				ENABLE_PREVIEWS = YES;
				INFOPLIST_FILE = ClubsXposApp/Info.plist;
				IPHONEOS_DEPLOYMENT_TARGET = 14.0;
				LD_RUNPATH_SEARCH_PATHS = (
					"$(inherited)",
					"@executable_path/Frameworks",
				);
				PRODUCT_BUNDLE_IDENTIFIER = com.clubswaiter.app.ClubsXposApp;
				PRODUCT_NAME = "$(TARGET_NAME)";
				SWIFT_VERSION = 5.0;
				TARGETED_DEVICE_FAMILY = "1,2";
			};
			name = Debug;
		};
		30166D85257FEDFC0096D9A0 /* Release */ = {
			isa = XCBuildConfiguration;
			buildSettings = {
				ASSETCATALOG_COMPILER_APPICON_NAME = AppIcon;
				ASSETCATALOG_COMPILER_GLOBAL_ACCENT_COLOR_NAME = AccentColor;
				CODE_SIGN_STYLE = Automatic;
				DEVELOPMENT_ASSET_PATHS = "\"ClubsXposApp/Preview Content\"";
				ENABLE_PREVIEWS = YES;
				INFOPLIST_FILE = ClubsXposApp/Info.plist;
				IPHONEOS_DEPLOYMENT_TARGET = 14.0;
				LD_RUNPATH_SEARCH_PATHS = (
					"$(inherited)",
					"@executable_path/Frameworks",
				);
				PRODUCT_BUNDLE_IDENTIFIER = com.clubswaiter.app.ClubsXposApp;
				PRODUCT_NAME = "$(TARGET_NAME)";
				SWIFT_VERSION = 5.0;
				TARGETED_DEVICE_FAMILY = "1,2";
			};
			name = Release;
		};
/* End XCBuildConfiguration section */

/* Begin XCConfigurationList section */
		30166D6F257FEDF70096D9A0 /* Build configuration list for PBXProject "ClubsXposApp" */ = {
			isa = XCConfigurationList;
			buildConfigurations = (
				30166D81257FEDFC0096D9A0 /* Debug */,
				30166D82257FEDFC0096D9A0 /* Release */,
			);
			defaultConfigurationIsVisible = 0;
			defaultConfigurationName = Release;
		};
		30166D83257FEDFC0096D9A0 /* Build configuration list for PBXNativeTarget "ClubsXposApp" */ = {
			isa = XCConfigurationList;
			buildConfigurations = (
				30166D84257FEDFC0096D9A0 /* Debug */,
				30166D85257FEDFC0096D9A0 /* Release */,
			);
			defaultConfigurationIsVisible = 0;
			defaultConfigurationName = Release;
		};
/* End XCConfigurationList section */
	};
	rootObject = 30166D6C257FEDF70096D9A0 /* Project object */;
}
